{
  "name": "radical-ai---quantumbot-core-mission",
  "version": "1.0.0",
  "lockfileVersion": 3,
  "requires": true,
  "packages": {
    "": {
      "name": "radical-ai---quantumbot-core-mission",
      "version": "1.0.0",
      "license": "ISC",
      "dependencies": {
        "radical-ai---quantumbot-core-mission": "file:"
      }
    },
    "node_modules/radical-ai---quantumbot-core-mission": {
      "resolved": "",
      "link": true
    }
  }
}
